// !$*UTF8*$!
{
	archiveVersion = 1;
	classes = {
	};
	objectVersion = 55;
	objects = {

/* Begin PBXBuildFile section */
		022EA28227DFA7310047F58F /* Dummycode.swift in Sources */ = {isa = PBXBuildFile; fileRef = 022EA28127DFA7310047F58F /* Dummycode.swift */; };
		022EA28727DFA7F50047F58F /* ModalView.swift in Sources */ = {isa = PBXBuildFile; fileRef = 022EA28627DFA7F50047F58F /* ModalView.swift */; };
		0245CE5E27B30E0400DFBF8A /* CodeScanner.swift in Sources */ = {isa = PBXBuildFile; fileRef = 0245CE5D27B30E0400DFBF8A /* CodeScanner.swift */; };
		0245CE6027B3123200DFBF8A /* ScannerCoordinator.swift in Sources */ = {isa = PBXBuildFile; fileRef = 0245CE5F27B3123200DFBF8A /* ScannerCoordinator.swift */; };
		0245CE6227B317C400DFBF8A /* ScannerViewController.swift in Sources */ = {isa = PBXBuildFile; fileRef = 0245CE6127B317C400DFBF8A /* ScannerViewController.swift */; };
		02763D7B27CB8B070036F41A /* Merchants.swift in Sources */ = {isa = PBXBuildFile; fileRef = 02763D7A27CB8B070036F41A /* Merchants.swift */; };
		02763D7D27CB8B1C0036F41A /* Settings.swift in Sources */ = {isa = PBXBuildFile; fileRef = 02763D7C27CB8B1C0036F41A /* Settings.swift */; };
		02763D7F27CB8B240036F41A /* Dashboard.swift in Sources */ = {isa = PBXBuildFile; fileRef = 02763D7E27CB8B240036F41A /* Dashboard.swift */; };
		02763D8127CB8C200036F41A /* ScannerView.swift in Sources */ = {isa = PBXBuildFile; fileRef = 02763D8027CB8C200036F41A /* ScannerView.swift */; };
		02763D8427CB9AA90036F41A /* FirebaseAnalytics in Frameworks */ = {isa = PBXBuildFile; productRef = 02763D8327CB9AA90036F41A /* FirebaseAnalytics */; };
		02763D8627CB9AA90036F41A /* FirebaseDatabase in Frameworks */ = {isa = PBXBuildFile; productRef = 02763D8527CB9AA90036F41A /* FirebaseDatabase */; };
		02763D8827CB9AA90036F41A /* FirebaseFirestore in Frameworks */ = {isa = PBXBuildFile; productRef = 02763D8727CB9AA90036F41A /* FirebaseFirestore */; };
		02763D8D27CB9C100036F41A /* Merchant.swift in Sources */ = {isa = PBXBuildFile; fileRef = 02763D8C27CB9C100036F41A /* Merchant.swift */; };
		02763D9127CBB6330036F41A /* GoogleService-Info.plist in Resources */ = {isa = PBXBuildFile; fileRef = 02763D9027CBB6330036F41A /* GoogleService-Info.plist */; };
		02763D9327CC1A660036F41A /* MerchantImageNameCardView.swift in Sources */ = {isa = PBXBuildFile; fileRef = 02763D9227CC1A660036F41A /* MerchantImageNameCardView.swift */; };
		02E932AD27344DCA0059D1CF /* BachelorThesisApp.swift in Sources */ = {isa = PBXBuildFile; fileRef = 02E932AC27344DCA0059D1CF /* BachelorThesisApp.swift */; };
		02E932AF27344DCA0059D1CF /* ContentView.swift in Sources */ = {isa = PBXBuildFile; fileRef = 02E932AE27344DCA0059D1CF /* ContentView.swift */; };
		02E932B127344DCC0059D1CF /* Assets.xcassets in Resources */ = {isa = PBXBuildFile; fileRef = 02E932B027344DCC0059D1CF /* Assets.xcassets */; };
		02E932B427344DCC0059D1CF /* Preview Assets.xcassets in Resources */ = {isa = PBXBuildFile; fileRef = 02E932B327344DCC0059D1CF /* Preview Assets.xcassets */; };
		02E932BE27344DCC0059D1CF /* BachelorThesisTests.swift in Sources */ = {isa = PBXBuildFile; fileRef = 02E932BD27344DCC0059D1CF /* BachelorThesisTests.swift */; };
		02E932C827344DCC0059D1CF /* BachelorThesisUITests.swift in Sources */ = {isa = PBXBuildFile; fileRef = 02E932C727344DCC0059D1CF /* BachelorThesisUITests.swift */; };
		02E932CA27344DCC0059D1CF /* BachelorThesisUITestsLaunchTests.swift in Sources */ = {isa = PBXBuildFile; fileRef = 02E932C927344DCC0059D1CF /* BachelorThesisUITestsLaunchTests.swift */; };
		02FC100E27CD5B7B00AF3EEB /* RealmSwift in Frameworks */ = {isa = PBXBuildFile; productRef = 02FC100D27CD5B7B00AF3EEB /* RealmSwift */; };
		02FC101027CD665C00AF3EEB /* RealmManager.swift in Sources */ = {isa = PBXBuildFile; fileRef = 02FC100F27CD665C00AF3EEB /* RealmManager.swift */; };
/* End PBXBuildFile section */

/* Begin PBXContainerItemProxy section */
		02E932BA27344DCC0059D1CF /* PBXContainerItemProxy */ = {
			isa = PBXContainerItemProxy;
			containerPortal = 02E932A127344DCA0059D1CF /* Project object */;
			proxyType = 1;
			remoteGlobalIDString = 02E932A827344DCA0059D1CF;
			remoteInfo = BachelorThesis;
		};
		02E932C427344DCC0059D1CF /* PBXContainerItemProxy */ = {
			isa = PBXContainerItemProxy;
			containerPortal = 02E932A127344DCA0059D1CF /* Project object */;
			proxyType = 1;
			remoteGlobalIDString = 02E932A827344DCA0059D1CF;
			remoteInfo = BachelorThesis;
		};
/* End PBXContainerItemProxy section */

/* Begin PBXFileReference section */
		022EA28127DFA7310047F58F /* Dummycode.swift */ = {isa = PBXFileReference; lastKnownFileType = sourcecode.swift; path = Dummycode.swift; sourceTree = "<group>"; };
		022EA28627DFA7F50047F58F /* ModalView.swift */ = {isa = PBXFileReference; lastKnownFileType = sourcecode.swift; path = ModalView.swift; sourceTree = "<group>"; };
		0245CE5D27B30E0400DFBF8A /* CodeScanner.swift */ = {isa = PBXFileReference; lastKnownFileType = sourcecode.swift; path = CodeScanner.swift; sourceTree = "<group>"; };
		0245CE5F27B3123200DFBF8A /* ScannerCoordinator.swift */ = {isa = PBXFileReference; lastKnownFileType = sourcecode.swift; path = ScannerCoordinator.swift; sourceTree = "<group>"; };
		0245CE6127B317C400DFBF8A /* ScannerViewController.swift */ = {isa = PBXFileReference; lastKnownFileType = sourcecode.swift; path = ScannerViewController.swift; sourceTree = "<group>"; };
		02763D7A27CB8B070036F41A /* Merchants.swift */ = {isa = PBXFileReference; lastKnownFileType = sourcecode.swift; path = Merchants.swift; sourceTree = "<group>"; };
		02763D7C27CB8B1C0036F41A /* Settings.swift */ = {isa = PBXFileReference; lastKnownFileType = sourcecode.swift; path = Settings.swift; sourceTree = "<group>"; };
		02763D7E27CB8B240036F41A /* Dashboard.swift */ = {isa = PBXFileReference; lastKnownFileType = sourcecode.swift; path = Dashboard.swift; sourceTree = "<group>"; };
		02763D8027CB8C200036F41A /* ScannerView.swift */ = {isa = PBXFileReference; lastKnownFileType = sourcecode.swift; path = ScannerView.swift; sourceTree = "<group>"; };
		02763D8C27CB9C100036F41A /* Merchant.swift */ = {isa = PBXFileReference; lastKnownFileType = sourcecode.swift; path = Merchant.swift; sourceTree = "<group>"; };
		02763D9027CBB6330036F41A /* GoogleService-Info.plist */ = {isa = PBXFileReference; fileEncoding = 4; lastKnownFileType = text.plist.xml; path = "GoogleService-Info.plist"; sourceTree = "<group>"; };
		02763D9227CC1A660036F41A /* MerchantImageNameCardView.swift */ = {isa = PBXFileReference; lastKnownFileType = sourcecode.swift; path = MerchantImageNameCardView.swift; sourceTree = "<group>"; };
		02E932A927344DCA0059D1CF /* BachelorThesis.app */ = {isa = PBXFileReference; explicitFileType = wrapper.application; includeInIndex = 0; path = BachelorThesis.app; sourceTree = BUILT_PRODUCTS_DIR; };
		02E932AC27344DCA0059D1CF /* BachelorThesisApp.swift */ = {isa = PBXFileReference; lastKnownFileType = sourcecode.swift; path = BachelorThesisApp.swift; sourceTree = "<group>"; };
		02E932AE27344DCA0059D1CF /* ContentView.swift */ = {isa = PBXFileReference; lastKnownFileType = sourcecode.swift; path = ContentView.swift; sourceTree = "<group>"; };
		02E932B027344DCC0059D1CF /* Assets.xcassets */ = {isa = PBXFileReference; lastKnownFileType = folder.assetcatalog; path = Assets.xcassets; sourceTree = "<group>"; };
		02E932B327344DCC0059D1CF /* Preview Assets.xcassets */ = {isa = PBXFileReference; lastKnownFileType = folder.assetcatalog; path = "Preview Assets.xcassets"; sourceTree = "<group>"; };
		02E932B927344DCC0059D1CF /* BachelorThesisTests.xctest */ = {isa = PBXFileReference; explicitFileType = wrapper.cfbundle; includeInIndex = 0; path = BachelorThesisTests.xctest; sourceTree = BUILT_PRODUCTS_DIR; };
		02E932BD27344DCC0059D1CF /* BachelorThesisTests.swift */ = {isa = PBXFileReference; lastKnownFileType = sourcecode.swift; path = BachelorThesisTests.swift; sourceTree = "<group>"; };
		02E932C327344DCC0059D1CF /* BachelorThesisUITests.xctest */ = {isa = PBXFileReference; explicitFileType = wrapper.cfbundle; includeInIndex = 0; path = BachelorThesisUITests.xctest; sourceTree = BUILT_PRODUCTS_DIR; };
		02E932C727344DCC0059D1CF /* BachelorThesisUITests.swift */ = {isa = PBXFileReference; lastKnownFileType = sourcecode.swift; path = BachelorThesisUITests.swift; sourceTree = "<group>"; };
		02E932C927344DCC0059D1CF /* BachelorThesisUITestsLaunchTests.swift */ = {isa = PBXFileReference; lastKnownFileType = sourcecode.swift; path = BachelorThesisUITestsLaunchTests.swift; sourceTree = "<group>"; };
		02FC100F27CD665C00AF3EEB /* RealmManager.swift */ = {isa = PBXFileReference; lastKnownFileType = sourcecode.swift; path = RealmManager.swift; sourceTree = "<group>"; };
/* End PBXFileReference section */

/* Begin PBXFrameworksBuildPhase section */
		02E932A627344DCA0059D1CF /* Frameworks */ = {
			isa = PBXFrameworksBuildPhase;
			buildActionMask = 2147483647;
			files = (
				02FC100E27CD5B7B00AF3EEB /* RealmSwift in Frameworks */,
				02763D8627CB9AA90036F41A /* FirebaseDatabase in Frameworks */,
				02763D8427CB9AA90036F41A /* FirebaseAnalytics in Frameworks */,
				02763D8827CB9AA90036F41A /* FirebaseFirestore in Frameworks */,
			);
			runOnlyForDeploymentPostprocessing = 0;
		};
		02E932B627344DCC0059D1CF /* Frameworks */ = {
			isa = PBXFrameworksBuildPhase;
			buildActionMask = 2147483647;
			files = (
			);
			runOnlyForDeploymentPostprocessing = 0;
		};
		02E932C027344DCC0059D1CF /* Frameworks */ = {
			isa = PBXFrameworksBuildPhase;
			buildActionMask = 2147483647;
			files = (
			);
			runOnlyForDeploymentPostprocessing = 0;
		};
/* End PBXFrameworksBuildPhase section */

/* Begin PBXGroup section */
		0245CE5C27B30DEE00DFBF8A /* cameraUtil */ = {
			isa = PBXGroup;
			children = (
				0245CE5D27B30E0400DFBF8A /* CodeScanner.swift */,
				0245CE5F27B3123200DFBF8A /* ScannerCoordinator.swift */,
				0245CE6127B317C400DFBF8A /* ScannerViewController.swift */,
			);
			path = cameraUtil;
			sourceTree = "<group>";
		};
		02763D7527CB8AB80036F41A /* views */ = {
			isa = PBXGroup;
			children = (
				02763D7E27CB8B240036F41A /* Dashboard.swift */,
				02763D7A27CB8B070036F41A /* Merchants.swift */,
				02763D7C27CB8B1C0036F41A /* Settings.swift */,
				02763D8027CB8C200036F41A /* ScannerView.swift */,
				02763D9227CC1A660036F41A /* MerchantImageNameCardView.swift */,
				022EA28127DFA7310047F58F /* Dummycode.swift */,
				022EA28627DFA7F50047F58F /* ModalView.swift */,
			);
			path = views;
			sourceTree = "<group>";
		};
		02763D8927CB9BCF0036F41A /* Models */ = {
			isa = PBXGroup;
			children = (
				02763D8C27CB9C100036F41A /* Merchant.swift */,
			);
			path = Models;
			sourceTree = "<group>";
		};
		02E932A027344DCA0059D1CF = {
			isa = PBXGroup;
			children = (
				02E932AB27344DCA0059D1CF /* BachelorThesis */,
				02E932BC27344DCC0059D1CF /* BachelorThesisTests */,
				02E932C627344DCC0059D1CF /* BachelorThesisUITests */,
				02E932AA27344DCA0059D1CF /* Products */,
			);
			sourceTree = "<group>";
		};
		02E932AA27344DCA0059D1CF /* Products */ = {
			isa = PBXGroup;
			children = (
				02E932A927344DCA0059D1CF /* BachelorThesis.app */,
				02E932B927344DCC0059D1CF /* BachelorThesisTests.xctest */,
				02E932C327344DCC0059D1CF /* BachelorThesisUITests.xctest */,
			);
			name = Products;
			sourceTree = "<group>";
		};
		02E932AB27344DCA0059D1CF /* BachelorThesis */ = {
			isa = PBXGroup;
			children = (
				02763D8927CB9BCF0036F41A /* Models */,
				02763D7527CB8AB80036F41A /* views */,
				0245CE5C27B30DEE00DFBF8A /* cameraUtil */,
				02E932AC27344DCA0059D1CF /* BachelorThesisApp.swift */,
				02E932AE27344DCA0059D1CF /* ContentView.swift */,
				02E932B027344DCC0059D1CF /* Assets.xcassets */,
				02763D9027CBB6330036F41A /* GoogleService-Info.plist */,
				02E932B227344DCC0059D1CF /* Preview Content */,
				02FC100F27CD665C00AF3EEB /* RealmManager.swift */,
			);
			path = BachelorThesis;
			sourceTree = "<group>";
		};
		02E932B227344DCC0059D1CF /* Preview Content */ = {
			isa = PBXGroup;
			children = (
				02E932B327344DCC0059D1CF /* Preview Assets.xcassets */,
			);
			path = "Preview Content";
			sourceTree = "<group>";
		};
		02E932BC27344DCC0059D1CF /* BachelorThesisTests */ = {
			isa = PBXGroup;
			children = (
				02E932BD27344DCC0059D1CF /* BachelorThesisTests.swift */,
			);
			path = BachelorThesisTests;
			sourceTree = "<group>";
		};
		02E932C627344DCC0059D1CF /* BachelorThesisUITests */ = {
			isa = PBXGroup;
			children = (
				02E932C727344DCC0059D1CF /* BachelorThesisUITests.swift */,
				02E932C927344DCC0059D1CF /* BachelorThesisUITestsLaunchTests.swift */,
			);
			path = BachelorThesisUITests;
			sourceTree = "<group>";
		};
/* End PBXGroup section */

/* Begin PBXNativeTarget section */
		02E932A827344DCA0059D1CF /* BachelorThesis */ = {
			isa = PBXNativeTarget;
			buildConfigurationList = 02E932CD27344DCC0059D1CF /* Build configuration list for PBXNativeTarget "BachelorThesis" */;
			buildPhases = (
				02E932A527344DCA0059D1CF /* Sources */,
				02E932A627344DCA0059D1CF /* Frameworks */,
				02E932A727344DCA0059D1CF /* Resources */,
			);
			buildRules = (
			);
			dependencies = (
			);
			name = BachelorThesis;
			packageProductDependencies = (
				02763D8327CB9AA90036F41A /* FirebaseAnalytics */,
				02763D8527CB9AA90036F41A /* FirebaseDatabase */,
				02763D8727CB9AA90036F41A /* FirebaseFirestore */,
				02FC100D27CD5B7B00AF3EEB /* RealmSwift */,
			);
			productName = BachelorThesis;
			productReference = 02E932A927344DCA0059D1CF /* BachelorThesis.app */;
			productType = "com.apple.product-type.application";
		};
		02E932B827344DCC0059D1CF /* BachelorThesisTests */ = {
			isa = PBXNativeTarget;
			buildConfigurationList = 02E932D027344DCC0059D1CF /* Build configuration list for PBXNativeTarget "BachelorThesisTests" */;
			buildPhases = (
				02E932B527344DCC0059D1CF /* Sources */,
				02E932B627344DCC0059D1CF /* Frameworks */,
				02E932B727344DCC0059D1CF /* Resources */,
			);
			buildRules = (
			);
			dependencies = (
				02E932BB27344DCC0059D1CF /* PBXTargetDependency */,
			);
			name = BachelorThesisTests;
			productName = BachelorThesisTests;
			productReference = 02E932B927344DCC0059D1CF /* BachelorThesisTests.xctest */;
			productType = "com.apple.product-type.bundle.unit-test";
		};
		02E932C227344DCC0059D1CF /* BachelorThesisUITests */ = {
			isa = PBXNativeTarget;
			buildConfigurationList = 02E932D327344DCC0059D1CF /* Build configuration list for PBXNativeTarget "BachelorThesisUITests" */;
			buildPhases = (
				02E932BF27344DCC0059D1CF /* Sources */,
				02E932C027344DCC0059D1CF /* Frameworks */,
				02E932C127344DCC0059D1CF /* Resources */,
			);
			buildRules = (
			);
			dependencies = (
				02E932C527344DCC0059D1CF /* PBXTargetDependency */,
			);
			name = BachelorThesisUITests;
			productName = BachelorThesisUITests;
			productReference = 02E932C327344DCC0059D1CF /* BachelorThesisUITests.xctest */;
			productType = "com.apple.product-type.bundle.ui-testing";
		};
/* End PBXNativeTarget section */

/* Begin PBXProject section */
		02E932A127344DCA0059D1CF /* Project object */ = {
			isa = PBXProject;
			attributes = {
				BuildIndependentTargetsInParallel = 1;
				LastSwiftUpdateCheck = 1300;
				LastUpgradeCheck = 1300;
				TargetAttributes = {
					02E932A827344DCA0059D1CF = {
						CreatedOnToolsVersion = 13.0;
					};
					02E932B827344DCC0059D1CF = {
						CreatedOnToolsVersion = 13.0;
						TestTargetID = 02E932A827344DCA0059D1CF;
					};
					02E932C227344DCC0059D1CF = {
						CreatedOnToolsVersion = 13.0;
						TestTargetID = 02E932A827344DCA0059D1CF;
					};
				};
			};
			buildConfigurationList = 02E932A427344DCA0059D1CF /* Build configuration list for PBXProject "BachelorThesis" */;
			compatibilityVersion = "Xcode 13.0";
			developmentRegion = en;
			hasScannedForEncodings = 0;
			knownRegions = (
				en,
				Base,
			);
			mainGroup = 02E932A027344DCA0059D1CF;
			packageReferences = (
				02763D8227CB9AA90036F41A /* XCRemoteSwiftPackageReference "firebase-ios-sdk" */,
				02FC100C27CD5B7B00AF3EEB /* XCRemoteSwiftPackageReference "realm-swift" */,
			);
			productRefGroup = 02E932AA27344DCA0059D1CF /* Products */;
			projectDirPath = "";
			projectRoot = "";
			targets = (
				02E932A827344DCA0059D1CF /* BachelorThesis */,
				02E932B827344DCC0059D1CF /* BachelorThesisTests */,
				02E932C227344DCC0059D1CF /* BachelorThesisUITests */,
			);
		};
/* End PBXProject section */

/* Begin PBXResourcesBuildPhase section */
		02E932A727344DCA0059D1CF /* Resources */ = {
			isa = PBXResourcesBuildPhase;
			buildActionMask = 2147483647;
			files = (
				02E932B427344DCC0059D1CF /* Preview Assets.xcassets in Resources */,
				02E932B127344DCC0059D1CF /* Assets.xcassets in Resources */,
				02763D9127CBB6330036F41A /* GoogleService-Info.plist in Resources */,
			);
			runOnlyForDeploymentPostprocessing = 0;
		};
		02E932B727344DCC0059D1CF /* Resources */ = {
			isa = PBXResourcesBuildPhase;
			buildActionMask = 2147483647;
			files = (
			);
			runOnlyForDeploymentPostprocessing = 0;
		};
		02E932C127344DCC0059D1CF /* Resources */ = {
			isa = PBXResourcesBuildPhase;
			buildActionMask = 2147483647;
			files = (
			);
			runOnlyForDeploymentPostprocessing = 0;
		};
/* End PBXResourcesBuildPhase section */

/* Begin PBXSourcesBuildPhase section */
		02E932A527344DCA0059D1CF /* Sources */ = {
			isa = PBXSourcesBuildPhase;
			buildActionMask = 2147483647;
			files = (
				02763D8127CB8C200036F41A /* ScannerView.swift in Sources */,
				0245CE5E27B30E0400DFBF8A /* CodeScanner.swift in Sources */,
				02763D9327CC1A660036F41A /* MerchantImageNameCardView.swift in Sources */,
				0245CE6027B3123200DFBF8A /* ScannerCoordinator.swift in Sources */,
				022EA28727DFA7F50047F58F /* ModalView.swift in Sources */,
				02763D7F27CB8B240036F41A /* Dashboard.swift in Sources */,
				02FC101027CD665C00AF3EEB /* RealmManager.swift in Sources */,
				02E932AF27344DCA0059D1CF /* ContentView.swift in Sources */,
				0245CE6227B317C400DFBF8A /* ScannerViewController.swift in Sources */,
				02763D7D27CB8B1C0036F41A /* Settings.swift in Sources */,
				022EA28227DFA7310047F58F /* Dummycode.swift in Sources */,
				02E932AD27344DCA0059D1CF /* BachelorThesisApp.swift in Sources */,
				02763D7B27CB8B070036F41A /* Merchants.swift in Sources */,
				02763D8D27CB9C100036F41A /* Merchant.swift in Sources */,
			);
			runOnlyForDeploymentPostprocessing = 0;
		};
		02E932B527344DCC0059D1CF /* Sources */ = {
			isa = PBXSourcesBuildPhase;
			buildActionMask = 2147483647;
			files = (
				02E932BE27344DCC0059D1CF /* BachelorThesisTests.swift in Sources */,
			);
			runOnlyForDeploymentPostprocessing = 0;
		};
		02E932BF27344DCC0059D1CF /* Sources */ = {
			isa = PBXSourcesBuildPhase;
			buildActionMask = 2147483647;
			files = (
				02E932CA27344DCC0059D1CF /* BachelorThesisUITestsLaunchTests.swift in Sources */,
				02E932C827344DCC0059D1CF /* BachelorThesisUITests.swift in Sources */,
			);
			runOnlyForDeploymentPostprocessing = 0;
		};
/* End PBXSourcesBuildPhase section */

/* Begin PBXTargetDependency section */
		02E932BB27344DCC0059D1CF /* PBXTargetDependency */ = {
			isa = PBXTargetDependency;
			target = 02E932A827344DCA0059D1CF /* BachelorThesis */;
			targetProxy = 02E932BA27344DCC0059D1CF /* PBXContainerItemProxy */;
		};
		02E932C527344DCC0059D1CF /* PBXTargetDependency */ = {
			isa = PBXTargetDependency;
			target = 02E932A827344DCA0059D1CF /* BachelorThesis */;
			targetProxy = 02E932C427344DCC0059D1CF /* PBXContainerItemProxy */;
		};
/* End PBXTargetDependency section */

/* Begin XCBuildConfiguration section */
		02E932CB27344DCC0059D1CF /* Debug */ = {
			isa = XCBuildConfiguration;
			buildSettings = {
				ALWAYS_SEARCH_USER_PATHS = NO;
				CLANG_ANALYZER_NONNULL = YES;
				CLANG_ANALYZER_NUMBER_OBJECT_CONVERSION = YES_AGGRESSIVE;
				CLANG_CXX_LANGUAGE_STANDARD = "gnu++17";
				CLANG_CXX_LIBRARY = "libc++";
				CLANG_ENABLE_MODULES = YES;
				CLANG_ENABLE_OBJC_ARC = YES;
				CLANG_ENABLE_OBJC_WEAK = YES;
				CLANG_WARN_BLOCK_CAPTURE_AUTORELEASING = YES;
				CLANG_WARN_BOOL_CONVERSION = YES;
				CLANG_WARN_COMMA = YES;
				CLANG_WARN_CONSTANT_CONVERSION = YES;
				CLANG_WARN_DEPRECATED_OBJC_IMPLEMENTATIONS = YES;
				CLANG_WARN_DIRECT_OBJC_ISA_USAGE = YES_ERROR;
				CLANG_WARN_DOCUMENTATION_COMMENTS = YES;
				CLANG_WARN_EMPTY_BODY = YES;
				CLANG_WARN_ENUM_CONVERSION = YES;
				CLANG_WARN_INFINITE_RECURSION = YES;
				CLANG_WARN_INT_CONVERSION = YES;
				CLANG_WARN_NON_LITERAL_NULL_CONVERSION = YES;
				CLANG_WARN_OBJC_IMPLICIT_RETAIN_SELF = YES;
				CLANG_WARN_OBJC_LITERAL_CONVERSION = YES;
				CLANG_WARN_OBJC_ROOT_CLASS = YES_ERROR;
				CLANG_WARN_QUOTED_INCLUDE_IN_FRAMEWORK_HEADER = YES;
				CLANG_WARN_RANGE_LOOP_ANALYSIS = YES;
				CLANG_WARN_STRICT_PROTOTYPES = YES;
				CLANG_WARN_SUSPICIOUS_MOVE = YES;
				CLANG_WARN_UNGUARDED_AVAILABILITY = YES_AGGRESSIVE;
				CLANG_WARN_UNREACHABLE_CODE = YES;
				CLANG_WARN__DUPLICATE_METHOD_MATCH = YES;
				COPY_PHASE_STRIP = NO;
				DEBUG_INFORMATION_FORMAT = dwarf;
				ENABLE_STRICT_OBJC_MSGSEND = YES;
				ENABLE_TESTABILITY = YES;
				GCC_C_LANGUAGE_STANDARD = gnu11;
				GCC_DYNAMIC_NO_PIC = NO;
				GCC_NO_COMMON_BLOCKS = YES;
				GCC_OPTIMIZATION_LEVEL = 0;
				GCC_PREPROCESSOR_DEFINITIONS = (
					"DEBUG=1",
					"$(inherited)",
				);
				GCC_WARN_64_TO_32_BIT_CONVERSION = YES;
				GCC_WARN_ABOUT_RETURN_TYPE = YES_ERROR;
				GCC_WARN_UNDECLARED_SELECTOR = YES;
				GCC_WARN_UNINITIALIZED_AUTOS = YES_AGGRESSIVE;
				GCC_WARN_UNUSED_FUNCTION = YES;
				GCC_WARN_UNUSED_VARIABLE = YES;
				IPHONEOS_DEPLOYMENT_TARGET = 15.0;
				MTL_ENABLE_DEBUG_INFO = INCLUDE_SOURCE;
				MTL_FAST_MATH = YES;
				ONLY_ACTIVE_ARCH = YES;
				SDKROOT = iphoneos;
				SWIFT_ACTIVE_COMPILATION_CONDITIONS = DEBUG;
				SWIFT_OPTIMIZATION_LEVEL = "-Onone";
			};
			name = Debug;
		};
		02E932CC27344DCC0059D1CF /* Release */ = {
			isa = XCBuildConfiguration;
			buildSettings = {
				ALWAYS_SEARCH_USER_PATHS = NO;
				CLANG_ANALYZER_NONNULL = YES;
				CLANG_ANALYZER_NUMBER_OBJECT_CONVERSION = YES_AGGRESSIVE;
				CLANG_CXX_LANGUAGE_STANDARD = "gnu++17";
				CLANG_CXX_LIBRARY = "libc++";
				CLANG_ENABLE_MODULES = YES;
				CLANG_ENABLE_OBJC_ARC = YES;
				CLANG_ENABLE_OBJC_WEAK = YES;
				CLANG_WARN_BLOCK_CAPTURE_AUTORELEASING = YES;
				CLANG_WARN_BOOL_CONVERSION = YES;
				CLANG_WARN_COMMA = YES;
				CLANG_WARN_CONSTANT_CONVERSION = YES;
				CLANG_WARN_DEPRECATED_OBJC_IMPLEMENTATIONS = YES;
				CLANG_WARN_DIRECT_OBJC_ISA_USAGE = YES_ERROR;
				CLANG_WARN_DOCUMENTATION_COMMENTS = YES;
				CLANG_WARN_EMPTY_BODY = YES;
				CLANG_WARN_ENUM_CONVERSION = YES;
				CLANG_WARN_INFINITE_RECURSION = YES;
				CLANG_WARN_INT_CONVERSION = YES;
				CLANG_WARN_NON_LITERAL_NULL_CONVERSION = YES;
				CLANG_WARN_OBJC_IMPLICIT_RETAIN_SELF = YES;
				CLANG_WARN_OBJC_LITERAL_CONVERSION = YES;
				CLANG_WARN_OBJC_ROOT_CLASS = YES_ERROR;
				CLANG_WARN_QUOTED_INCLUDE_IN_FRAMEWORK_HEADER = YES;
				CLANG_WARN_RANGE_LOOP_ANALYSIS = YES;
				CLANG_WARN_STRICT_PROTOTYPES = YES;
				CLANG_WARN_SUSPICIOUS_MOVE = YES;
				CLANG_WARN_UNGUARDED_AVAILABILITY = YES_AGGRESSIVE;
				CLANG_WARN_UNREACHABLE_CODE = YES;
				CLANG_WARN__DUPLICATE_METHOD_MATCH = YES;
				COPY_PHASE_STRIP = NO;
				DEBUG_INFORMATION_FORMAT = "dwarf-with-dsym";
				ENABLE_NS_ASSERTIONS = NO;
				ENABLE_STRICT_OBJC_MSGSEND = YES;
				GCC_C_LANGUAGE_STANDARD = gnu11;
				GCC_NO_COMMON_BLOCKS = YES;
				GCC_WARN_64_TO_32_BIT_CONVERSION = YES;
				GCC_WARN_ABOUT_RETURN_TYPE = YES_ERROR;
				GCC_WARN_UNDECLARED_SELECTOR = YES;
				GCC_WARN_UNINITIALIZED_AUTOS = YES_AGGRESSIVE;
				GCC_WARN_UNUSED_FUNCTION = YES;
				GCC_WARN_UNUSED_VARIABLE = YES;
				IPHONEOS_DEPLOYMENT_TARGET = 15.0;
				MTL_ENABLE_DEBUG_INFO = NO;
				MTL_FAST_MATH = YES;
				SDKROOT = iphoneos;
				SWIFT_COMPILATION_MODE = wholemodule;
				SWIFT_OPTIMIZATION_LEVEL = "-O";
				VALIDATE_PRODUCT = YES;
			};
			name = Release;
		};
		02E932CE27344DCC0059D1CF /* Debug */ = {
			isa = XCBuildConfiguration;
			buildSettings = {
				ASSETCATALOG_COMPILER_APPICON_NAME = AppIcon;
				ASSETCATALOG_COMPILER_GLOBAL_ACCENT_COLOR_NAME = AccentColor;
				CODE_SIGN_STYLE = Automatic;
				CURRENT_PROJECT_VERSION = 1;
				DEVELOPMENT_ASSET_PATHS = "\"BachelorThesis/Preview Content\"";
				DEVELOPMENT_TEAM = WJZUQ72537;
				ENABLE_PREVIEWS = YES;
				GENERATE_INFOPLIST_FILE = YES;
				INFOPLIST_KEY_NSCameraUsageDescription = "We need for scanning various barcodes.";
				INFOPLIST_KEY_UIApplicationSceneManifest_Generation = YES;
				INFOPLIST_KEY_UIApplicationSupportsIndirectInputEvents = YES;
				INFOPLIST_KEY_UILaunchScreen_Generation = YES;
				INFOPLIST_KEY_UISupportedInterfaceOrientations_iPad = "UIInterfaceOrientationPortrait UIInterfaceOrientationPortraitUpsideDown UIInterfaceOrientationLandscapeLeft UIInterfaceOrientationLandscapeRight";
				INFOPLIST_KEY_UISupportedInterfaceOrientations_iPhone = "UIInterfaceOrientationPortrait UIInterfaceOrientationLandscapeLeft UIInterfaceOrientationLandscapeRight";
				IPHONEOS_DEPLOYMENT_TARGET = 15.0;
				LD_RUNPATH_SEARCH_PATHS = (
					"$(inherited)",
					"@executable_path/Frameworks",
				);
				MARKETING_VERSION = 1.0;
				PRODUCT_BUNDLE_IDENTIFIER = com.sky.BachelorThesis;
				PRODUCT_NAME = "$(TARGET_NAME)";
				SWIFT_EMIT_LOC_STRINGS = YES;
				SWIFT_VERSION = 5.0;
				TARGETED_DEVICE_FAMILY = 1;
			};
			name = Debug;
		};
		02E932CF27344DCC0059D1CF /* Release */ = {
			isa = XCBuildConfiguration;
			buildSettings = {
				ASSETCATALOG_COMPILER_APPICON_NAME = AppIcon;
				ASSETCATALOG_COMPILER_GLOBAL_ACCENT_COLOR_NAME = AccentColor;
				CODE_SIGN_STYLE = Automatic;
				CURRENT_PROJECT_VERSION = 1;
				DEVELOPMENT_ASSET_PATHS = "\"BachelorThesis/Preview Content\"";
				DEVELOPMENT_TEAM = WJZUQ72537;
				ENABLE_PREVIEWS = YES;
				GENERATE_INFOPLIST_FILE = YES;
				INFOPLIST_KEY_NSCameraUsageDescription = "We need for scanning various barcodes.";
				INFOPLIST_KEY_UIApplicationSceneManifest_Generation = YES;
				INFOPLIST_KEY_UIApplicationSupportsIndirectInputEvents = YES;
				INFOPLIST_KEY_UILaunchScreen_Generation = YES;
				INFOPLIST_KEY_UISupportedInterfaceOrientations_iPad = "UIInterfaceOrientationPortrait UIInterfaceOrientationPortraitUpsideDown UIInterfaceOrientationLandscapeLeft UIInterfaceOrientationLandscapeRight";
				INFOPLIST_KEY_UISupportedInterfaceOrientations_iPhone = "UIInterfaceOrientationPortrait UIInterfaceOrientationLandscapeLeft UIInterfaceOrientationLandscapeRight";
				IPHONEOS_DEPLOYMENT_TARGET = 15.0;
				LD_RUNPATH_SEARCH_PATHS = (
					"$(inherited)",
					"@executable_path/Frameworks",
				);
				MARKETING_VERSION = 1.0;
				PRODUCT_BUNDLE_IDENTIFIER = com.sky.BachelorThesis;
				PRODUCT_NAME = "$(TARGET_NAME)";
				SWIFT_EMIT_LOC_STRINGS = YES;
				SWIFT_VERSION = 5.0;
				TARGETED_DEVICE_FAMILY = 1;
			};
			name = Release;
		};
		02E932D127344DCC0059D1CF /* Debug */ = {
			isa = XCBuildConfiguration;
			buildSettings = {
				ALWAYS_EMBED_SWIFT_STANDARD_LIBRARIES = YES;
				BUNDLE_LOADER = "$(TEST_HOST)";
				CODE_SIGN_STYLE = Automatic;
				CURRENT_PROJECT_VERSION = 1;
				DEVELOPMENT_TEAM = WJZUQ72537;
				GENERATE_INFOPLIST_FILE = YES;
				IPHONEOS_DEPLOYMENT_TARGET = 15.0;
				LD_RUNPATH_SEARCH_PATHS = (
					"$(inherited)",
					"@executable_path/Frameworks",
					"@loader_path/Frameworks",
				);
				MARKETING_VERSION = 1.0;
				PRODUCT_BUNDLE_IDENTIFIER = com.sky.BachelorThesisTests;
				PRODUCT_NAME = "$(TARGET_NAME)";
				SWIFT_EMIT_LOC_STRINGS = NO;
				SWIFT_VERSION = 5.0;
				TARGETED_DEVICE_FAMILY = "1,2";
				TEST_HOST = "$(BUILT_PRODUCTS_DIR)/BachelorThesis.app/BachelorThesis";
			};
			name = Debug;
		};
		02E932D227344DCC0059D1CF /* Release */ = {
			isa = XCBuildConfiguration;
			buildSettings = {
				ALWAYS_EMBED_SWIFT_STANDARD_LIBRARIES = YES;
				BUNDLE_LOADER = "$(TEST_HOST)";
				CODE_SIGN_STYLE = Automatic;
				CURRENT_PROJECT_VERSION = 1;
				DEVELOPMENT_TEAM = WJZUQ72537;
				GENERATE_INFOPLIST_FILE = YES;
				IPHONEOS_DEPLOYMENT_TARGET = 15.0;
				LD_RUNPATH_SEARCH_PATHS = (
					"$(inherited)",
					"@executable_path/Frameworks",
					"@loader_path/Frameworks",
				);
				MARKETING_VERSION = 1.0;
				PRODUCT_BUNDLE_IDENTIFIER = com.sky.BachelorThesisTests;
				PRODUCT_NAME = "$(TARGET_NAME)";
				SWIFT_EMIT_LOC_STRINGS = NO;
				SWIFT_VERSION = 5.0;
				TARGETED_DEVICE_FAMILY = "1,2";
				TEST_HOST = "$(BUILT_PRODUCTS_DIR)/BachelorThesis.app/BachelorThesis";
			};
			name = Release;
		};
		02E932D427344DCC0059D1CF /* Debug */ = {
			isa = XCBuildConfiguration;
			buildSettings = {
				ALWAYS_EMBED_SWIFT_STANDARD_LIBRARIES = YES;
				CODE_SIGN_STYLE = Automatic;
				CURRENT_PROJECT_VERSION = 1;
				DEVELOPMENT_TEAM = WJZUQ72537;
				GENERATE_INFOPLIST_FILE = YES;
				LD_RUNPATH_SEARCH_PATHS = (
					"$(inherited)",
					"@executable_path/Frameworks",
					"@loader_path/Frameworks",
				);
				MARKETING_VERSION = 1.0;
				PRODUCT_BUNDLE_IDENTIFIER = com.sky.BachelorThesisUITests;
				PRODUCT_NAME = "$(TARGET_NAME)";
				SWIFT_EMIT_LOC_STRINGS = NO;
				SWIFT_VERSION = 5.0;
				TARGETED_DEVICE_FAMILY = "1,2";
				TEST_TARGET_NAME = BachelorThesis;
			};
			name = Debug;
		};
		02E932D527344DCC0059D1CF /* Release */ = {
			isa = XCBuildConfiguration;
			buildSettings = {
				ALWAYS_EMBED_SWIFT_STANDARD_LIBRARIES = YES;
				CODE_SIGN_STYLE = Automatic;
				CURRENT_PROJECT_VERSION = 1;
				DEVELOPMENT_TEAM = WJZUQ72537;
				GENERATE_INFOPLIST_FILE = YES;
				LD_RUNPATH_SEARCH_PATHS = (
					"$(inherited)",
					"@executable_path/Frameworks",
					"@loader_path/Frameworks",
				);
				MARKETING_VERSION = 1.0;
				PRODUCT_BUNDLE_IDENTIFIER = com.sky.BachelorThesisUITests;
				PRODUCT_NAME = "$(TARGET_NAME)";
				SWIFT_EMIT_LOC_STRINGS = NO;
				SWIFT_VERSION = 5.0;
				TARGETED_DEVICE_FAMILY = "1,2";
				TEST_TARGET_NAME = BachelorThesis;
			};
			name = Release;
		};
/* End XCBuildConfiguration section */

/* Begin XCConfigurationList section */
		02E932A427344DCA0059D1CF /* Build configuration list for PBXProject "BachelorThesis" */ = {
			isa = XCConfigurationList;
			buildConfigurations = (
				02E932CB27344DCC0059D1CF /* Debug */,
				02E932CC27344DCC0059D1CF /* Release */,
			);
			defaultConfigurationIsVisible = 0;
			defaultConfigurationName = Release;
		};
		02E932CD27344DCC0059D1CF /* Build configuration list for PBXNativeTarget "BachelorThesis" */ = {
			isa = XCConfigurationList;
			buildConfigurations = (
				02E932CE27344DCC0059D1CF /* Debug */,
				02E932CF27344DCC0059D1CF /* Release */,
			);
			defaultConfigurationIsVisible = 0;
			defaultConfigurationName = Release;
		};
		02E932D027344DCC0059D1CF /* Build configuration list for PBXNativeTarget "BachelorThesisTests" */ = {
			isa = XCConfigurationList;
			buildConfigurations = (
				02E932D127344DCC0059D1CF /* Debug */,
				02E932D227344DCC0059D1CF /* Release */,
			);
			defaultConfigurationIsVisible = 0;
			defaultConfigurationName = Release;
		};
		02E932D327344DCC0059D1CF /* Build configuration list for PBXNativeTarget "BachelorThesisUITests" */ = {
			isa = XCConfigurationList;
			buildConfigurations = (
				02E932D427344DCC0059D1CF /* Debug */,
				02E932D527344DCC0059D1CF /* Release */,
			);
			defaultConfigurationIsVisible = 0;
			defaultConfigurationName = Release;
		};
/* End XCConfigurationList section */

/* Begin XCRemoteSwiftPackageReference section */
		02763D8227CB9AA90036F41A /* XCRemoteSwiftPackageReference "firebase-ios-sdk" */ = {
			isa = XCRemoteSwiftPackageReference;
			repositoryURL = "https://github.com/firebase/firebase-ios-sdk.git";
			requirement = {
				kind = upToNextMajorVersion;
				minimumVersion = 8.0.0;
			};
		};
		02FC100C27CD5B7B00AF3EEB /* XCRemoteSwiftPackageReference "realm-swift" */ = {
			isa = XCRemoteSwiftPackageReference;
			repositoryURL = "https://github.com/realm/realm-swift";
			requirement = {
				kind = upToNextMajorVersion;
				minimumVersion = 10.10.0;
			};
		};
/* End XCRemoteSwiftPackageReference section */

/* Begin XCSwiftPackageProductDependency section */
		02763D8327CB9AA90036F41A /* FirebaseAnalytics */ = {
			isa = XCSwiftPackageProductDependency;
			package = 02763D8227CB9AA90036F41A /* XCRemoteSwiftPackageReference "firebase-ios-sdk" */;
			productName = FirebaseAnalytics;
		};
		02763D8527CB9AA90036F41A /* FirebaseDatabase */ = {
			isa = XCSwiftPackageProductDependency;
			package = 02763D8227CB9AA90036F41A /* XCRemoteSwiftPackageReference "firebase-ios-sdk" */;
			productName = FirebaseDatabase;
		};
		02763D8727CB9AA90036F41A /* FirebaseFirestore */ = {
			isa = XCSwiftPackageProductDependency;
			package = 02763D8227CB9AA90036F41A /* XCRemoteSwiftPackageReference "firebase-ios-sdk" */;
			productName = FirebaseFirestore;
		};
		02FC100D27CD5B7B00AF3EEB /* RealmSwift */ = {
			isa = XCSwiftPackageProductDependency;
			package = 02FC100C27CD5B7B00AF3EEB /* XCRemoteSwiftPackageReference "realm-swift" */;
			productName = RealmSwift;
		};
/* End XCSwiftPackageProductDependency section */
	};
	rootObject = 02E932A127344DCA0059D1CF /* Project object */;
}
